
Microsoft Visual Studio Solution File, Format Version 12.00
# Visual Studio Version 16
VisualStudioVersion = 16.0.29411.108
MinimumVisualStudioVersion = 10.0.40219.1
Project("{FAE04EC0-301F-11D3-BF4B-00C04F79EFBC}") = "NinjaManager", "NinjaManager\NinjaManager.csproj", "{9271E02F-ED7F-4195-A4A0-13650ED62702}"
EndProject
Project("{00D1A9C2-B5F0-4AF3-8072-F6C62B433612}") = "NinjaManager.Database", "NinjaManager.Database\NinjaManager.Database.sqlproj", "{597DFF63-1EA2-47FD-9602-5EEFC8DAA9EA}"
EndProject
Project("{FAE04EC0-301F-11D3-BF4B-00C04F79EFBC}") = "NinjaManager.Domain", "NinjaManager.Domain\NinjaManager.Domain.csproj", "{C2EB99A0-D212-4831-87F6-86697457FA65}"
EndProject
Global
	GlobalSection(SolutionConfigurationPlatforms) = preSolution
		Debug|Any CPU = Debug|Any CPU
		Release|Any CPU = Release|Any CPU
	EndGlobalSection
	GlobalSection(ProjectConfigurationPlatforms) = postSolution
		{9271E02F-ED7F-4195-A4A0-13650ED62702}.Debug|Any CPU.ActiveCfg = Debug|Any CPU
		{9271E02F-ED7F-4195-A4A0-13650ED62702}.Debug|Any CPU.Build.0 = Debug|Any CPU
		{9271E02F-ED7F-4195-A4A0-13650ED62702}.Release|Any CPU.ActiveCfg = Release|Any CPU
		{9271E02F-ED7F-4195-A4A0-13650ED62702}.Release|Any CPU.Build.0 = Release|Any CPU
		{597DFF63-1EA2-47FD-9602-5EEFC8DAA9EA}.Debug|Any CPU.ActiveCfg = Debug|Any CPU
		{597DFF63-1EA2-47FD-9602-5EEFC8DAA9EA}.Debug|Any CPU.Build.0 = Debug|Any CPU
		{597DFF63-1EA2-47FD-9602-5EEFC8DAA9EA}.Debug|Any CPU.Deploy.0 = Debug|Any CPU
		{597DFF63-1EA2-47FD-9602-5EEFC8DAA9EA}.Release|Any CPU.ActiveCfg = Release|Any CPU
		{597DFF63-1EA2-47FD-9602-5EEFC8DAA9EA}.Release|Any CPU.Build.0 = Release|Any CPU
		{597DFF63-1EA2-47FD-9602-5EEFC8DAA9EA}.Release|Any CPU.Deploy.0 = Release|Any CPU
		{C2EB99A0-D212-4831-87F6-86697457FA65}.Debug|Any CPU.ActiveCfg = Debug|Any CPU
		{C2EB99A0-D212-4831-87F6-86697457FA65}.Debug|Any CPU.Build.0 = Debug|Any CPU
		{C2EB99A0-D212-4831-87F6-86697457FA65}.Release|Any CPU.ActiveCfg = Release|Any CPU
		{C2EB99A0-D212-4831-87F6-86697457FA65}.Release|Any CPU.Build.0 = Release|Any CPU
	EndGlobalSection
	GlobalSection(SolutionProperties) = preSolution
		HideSolutionNode = FALSE
	EndGlobalSection
	GlobalSection(ExtensibilityGlobals) = postSolution
		SolutionGuid = {53064028-AEDC-4526-A96C-BBA7F70F62FE}
	EndGlobalSection
EndGlobal
